
Microsoft Visual Studio Solution File, Format Version 12.00
# Visual Studio 2013
VisualStudioVersion = 12.0.30723.0
MinimumVisualStudioVersion = 10.0.40219.1
Project("{FAE04EC0-301F-11D3-BF4B-00C04F79EFBC}") = "SocialOrgProject", "SocialOrgProject\SocialOrgProject.csproj", "{12B49DEA-366C-438A-A7B8-6162776442A1}"
EndProject
Project("{FAE04EC0-301F-11D3-BF4B-00C04F79EFBC}") = "TestProject", "TestProject\TestProject.csproj", "{CD5D5BE0-DE4C-423F-A7F7-96DA74720B96}"
EndProject
Project("{2150E333-8FDC-42A3-9474-1A3956D46DE8}") = "01.Dll", "01.Dll", "{C64C319E-29E4-4F88-910D-F52BC059A47F}"
	ProjectSection(SolutionItems) = preProject
		01.Dll\Jpush.API.dll = 01.Dll\Jpush.API.dll
		01.Dll\log4net.dll = 01.Dll\log4net.dll
	EndProjectSection
EndProject
Project("{2150E333-8FDC-42A3-9474-1A3956D46DE8}") = "02.Common", "02.Common", "{6ADC8E71-3141-434A-A850-BE0C9F444E4E}"
EndProject
Project("{2150E333-8FDC-42A3-9474-1A3956D46DE8}") = "03.Cache", "03.Cache", "{1949E117-AA8C-4BC2-8812-1786033D9F86}"
EndProject
Project("{2150E333-8FDC-42A3-9474-1A3956D46DE8}") = "04.Data", "04.Data", "{3FBC2FA7-B6A6-4223-857E-3D2DCEC29DBE}"
EndProject
Project("{2150E333-8FDC-42A3-9474-1A3956D46DE8}") = "05.Entity", "05.Entity", "{7554CD11-D569-4530-AEEC-1CD4BDFC2B80}"
EndProject
Project("{2150E333-8FDC-42A3-9474-1A3956D46DE8}") = "06.Bll", "06.Bll", "{738771D6-61AF-44D6-94A0-322D14D5746E}"
EndProject
Project("{2150E333-8FDC-42A3-9474-1A3956D46DE8}") = "07.Service", "07.Service", "{6D8CC6A0-DCF1-4120-9771-046A83DAEC4D}"
EndProject
Project("{2150E333-8FDC-42A3-9474-1A3956D46DE8}") = "08.API", "08.API", "{649C8D0A-5C73-472C-AC65-A1CD8C2A9C24}"
EndProject
Project("{2150E333-8FDC-42A3-9474-1A3956D46DE8}") = "09.BackWeb", "09.BackWeb", "{C868FD5A-8F42-4F03-A651-01DEE65117CA}"
EndProject
Project("{2150E333-8FDC-42A3-9474-1A3956D46DE8}") = "10.Web", "10.Web", "{91301ECE-3A29-41BE-9FDA-0794CDE10460}"
EndProject
Project("{2150E333-8FDC-42A3-9474-1A3956D46DE8}") = "00.Doc", "00.Doc", "{2196078D-C9E9-4B17-B8A7-11F8CF90AC27}"
	ProjectSection(SolutionItems) = preProject
		00.Doc\iplusoa_db1129.sql = 00.Doc\iplusoa_db1129.sql
		00.Doc\MySql_每月第一天清零感谢分.txt = 00.Doc\MySql_每月第一天清零感谢分.txt
		00.Doc\SqlBak.txt = 00.Doc\SqlBak.txt
		00.Doc\短信发送接口文档.doc = 00.Doc\短信发送接口文档.doc
		00.Doc\社区1+1开发说明文档.docx = 00.Doc\社区1+1开发说明文档.docx
	EndProjectSection
EndProject
Project("{FAE04EC0-301F-11D3-BF4B-00C04F79EFBC}") = "TestP2", "TestP2\TestP2.csproj", "{D57C8541-80B0-41E4-AB50-22EB0CD35435}"
EndProject
Project("{FAE04EC0-301F-11D3-BF4B-00C04F79EFBC}") = "DataLayer", "04.Data\DataLayer\DataLayer.csproj", "{A56248D5-BBE7-4CBC-A274-283108DD9E1B}"
EndProject
Project("{2150E333-8FDC-42A3-9474-1A3956D46DE8}") = "11.SSO", "11.SSO", "{2A301669-1843-4D86-8DDE-F13429C5BC6E}"
EndProject
Project("{FAE04EC0-301F-11D3-BF4B-00C04F79EFBC}") = "SSO", "11.SSO\SSO\SSO.csproj", "{78BB5D8B-1D16-45B7-9226-A3C3D2483137}"
EndProject
Project("{FAE04EC0-301F-11D3-BF4B-00C04F79EFBC}") = "Common", "02.Common\Common\Common.csproj", "{28DB7178-112B-44E5-BCCD-4A74D5480954}"
EndProject
Project("{FAE04EC0-301F-11D3-BF4B-00C04F79EFBC}") = "BackWebAdmin", "09.BackWebAdmin\BackWebAdmin\BackWebAdmin.csproj", "{3818BE21-D93D-473A-95C2-FC8EABB0F75E}"
EndProject
Project("{FAE04EC0-301F-11D3-BF4B-00C04F79EFBC}") = "IplusOAEntity", "05.Entity\IplusOAEntity\IplusOAEntity.csproj", "{EBCC0BBA-27D1-4B43-B44C-744E470B6958}"
EndProject
Project("{FAE04EC0-301F-11D3-BF4B-00C04F79EFBC}") = "BusLogic", "06.Bll\BusLogic\BusLogic.csproj", "{F2F13FED-4287-4764-AE07-A037E16CE5B3}"
EndProject
Project("{FAE04EC0-301F-11D3-BF4B-00C04F79EFBC}") = "API", "08.WebAPI\API\API.csproj", "{E7D81CC2-342E-44F5-BF02-E908D2F25E6C}"
EndProject
Project("{FAE04EC0-301F-11D3-BF4B-00C04F79EFBC}") = "Cache", "03.Cache\Cache\Cache.csproj", "{267783F3-A1F5-45BA-97DF-0450E717D029}"
EndProject
Project("{FAE04EC0-301F-11D3-BF4B-00C04F79EFBC}") = "ServiceAPI", "07.Service\ServiceAPI\ServiceAPI.csproj", "{694AE2D8-1EC5-4766-B0B7-7BEB35BB00C2}"
EndProject
Project("{2150E333-8FDC-42A3-9474-1A3956D46DE8}") = "12.AutoPush", "12.AutoPush", "{FE3CDE61-D845-4E7C-9DAF-C1402BAEE1FA}"
EndProject
Project("{FAE04EC0-301F-11D3-BF4B-00C04F79EFBC}") = "JPush", "12.AutoPush\JPush\WindowsFormsApplication1\JPush.csproj", "{B9387768-2252-4DE3-869C-01EFD7684995}"
EndProject
Global
	GlobalSection(SolutionConfigurationPlatforms) = preSolution
		Debug|Any CPU = Debug|Any CPU
		Release|Any CPU = Release|Any CPU
	EndGlobalSection
	GlobalSection(ProjectConfigurationPlatforms) = postSolution
		{12B49DEA-366C-438A-A7B8-6162776442A1}.Debug|Any CPU.ActiveCfg = Debug|Any CPU
		{12B49DEA-366C-438A-A7B8-6162776442A1}.Debug|Any CPU.Build.0 = Debug|Any CPU
		{12B49DEA-366C-438A-A7B8-6162776442A1}.Release|Any CPU.ActiveCfg = Release|Any CPU
		{12B49DEA-366C-438A-A7B8-6162776442A1}.Release|Any CPU.Build.0 = Release|Any CPU
		{CD5D5BE0-DE4C-423F-A7F7-96DA74720B96}.Debug|Any CPU.ActiveCfg = Debug|Any CPU
		{CD5D5BE0-DE4C-423F-A7F7-96DA74720B96}.Debug|Any CPU.Build.0 = Debug|Any CPU
		{CD5D5BE0-DE4C-423F-A7F7-96DA74720B96}.Release|Any CPU.ActiveCfg = Release|Any CPU
		{CD5D5BE0-DE4C-423F-A7F7-96DA74720B96}.Release|Any CPU.Build.0 = Release|Any CPU
		{D57C8541-80B0-41E4-AB50-22EB0CD35435}.Debug|Any CPU.ActiveCfg = Debug|Any CPU
		{D57C8541-80B0-41E4-AB50-22EB0CD35435}.Debug|Any CPU.Build.0 = Debug|Any CPU
		{D57C8541-80B0-41E4-AB50-22EB0CD35435}.Release|Any CPU.ActiveCfg = Release|Any CPU
		{D57C8541-80B0-41E4-AB50-22EB0CD35435}.Release|Any CPU.Build.0 = Release|Any CPU
		{A56248D5-BBE7-4CBC-A274-283108DD9E1B}.Debug|Any CPU.ActiveCfg = Debug|Any CPU
		{A56248D5-BBE7-4CBC-A274-283108DD9E1B}.Debug|Any CPU.Build.0 = Debug|Any CPU
		{A56248D5-BBE7-4CBC-A274-283108DD9E1B}.Release|Any CPU.ActiveCfg = Release|Any CPU
		{A56248D5-BBE7-4CBC-A274-283108DD9E1B}.Release|Any CPU.Build.0 = Release|Any CPU
		{78BB5D8B-1D16-45B7-9226-A3C3D2483137}.Debug|Any CPU.ActiveCfg = Debug|Any CPU
		{78BB5D8B-1D16-45B7-9226-A3C3D2483137}.Debug|Any CPU.Build.0 = Debug|Any CPU
		{78BB5D8B-1D16-45B7-9226-A3C3D2483137}.Release|Any CPU.ActiveCfg = Release|Any CPU
		{78BB5D8B-1D16-45B7-9226-A3C3D2483137}.Release|Any CPU.Build.0 = Release|Any CPU
		{28DB7178-112B-44E5-BCCD-4A74D5480954}.Debug|Any CPU.ActiveCfg = Debug|Any CPU
		{28DB7178-112B-44E5-BCCD-4A74D5480954}.Debug|Any CPU.Build.0 = Debug|Any CPU
		{28DB7178-112B-44E5-BCCD-4A74D5480954}.Release|Any CPU.ActiveCfg = Release|Any CPU
		{28DB7178-112B-44E5-BCCD-4A74D5480954}.Release|Any CPU.Build.0 = Release|Any CPU
		{3818BE21-D93D-473A-95C2-FC8EABB0F75E}.Debug|Any CPU.ActiveCfg = Debug|Any CPU
		{3818BE21-D93D-473A-95C2-FC8EABB0F75E}.Debug|Any CPU.Build.0 = Debug|Any CPU
		{3818BE21-D93D-473A-95C2-FC8EABB0F75E}.Release|Any CPU.ActiveCfg = Release|Any CPU
		{3818BE21-D93D-473A-95C2-FC8EABB0F75E}.Release|Any CPU.Build.0 = Release|Any CPU
		{EBCC0BBA-27D1-4B43-B44C-744E470B6958}.Debug|Any CPU.ActiveCfg = Debug|Any CPU
		{EBCC0BBA-27D1-4B43-B44C-744E470B6958}.Debug|Any CPU.Build.0 = Debug|Any CPU
		{EBCC0BBA-27D1-4B43-B44C-744E470B6958}.Release|Any CPU.ActiveCfg = Release|Any CPU
		{EBCC0BBA-27D1-4B43-B44C-744E470B6958}.Release|Any CPU.Build.0 = Release|Any CPU
		{F2F13FED-4287-4764-AE07-A037E16CE5B3}.Debug|Any CPU.ActiveCfg = Debug|Any CPU
		{F2F13FED-4287-4764-AE07-A037E16CE5B3}.Debug|Any CPU.Build.0 = Debug|Any CPU
		{F2F13FED-4287-4764-AE07-A037E16CE5B3}.Release|Any CPU.ActiveCfg = Release|Any CPU
		{F2F13FED-4287-4764-AE07-A037E16CE5B3}.Release|Any CPU.Build.0 = Release|Any CPU
		{E7D81CC2-342E-44F5-BF02-E908D2F25E6C}.Debug|Any CPU.ActiveCfg = Debug|Any CPU
		{E7D81CC2-342E-44F5-BF02-E908D2F25E6C}.Debug|Any CPU.Build.0 = Debug|Any CPU
		{E7D81CC2-342E-44F5-BF02-E908D2F25E6C}.Release|Any CPU.ActiveCfg = Release|Any CPU
		{E7D81CC2-342E-44F5-BF02-E908D2F25E6C}.Release|Any CPU.Build.0 = Release|Any CPU
		{267783F3-A1F5-45BA-97DF-0450E717D029}.Debug|Any CPU.ActiveCfg = Debug|Any CPU
		{267783F3-A1F5-45BA-97DF-0450E717D029}.Debug|Any CPU.Build.0 = Debug|Any CPU
		{267783F3-A1F5-45BA-97DF-0450E717D029}.Release|Any CPU.ActiveCfg = Release|Any CPU
		{267783F3-A1F5-45BA-97DF-0450E717D029}.Release|Any CPU.Build.0 = Release|Any CPU
		{694AE2D8-1EC5-4766-B0B7-7BEB35BB00C2}.Debug|Any CPU.ActiveCfg = Debug|Any CPU
		{694AE2D8-1EC5-4766-B0B7-7BEB35BB00C2}.Debug|Any CPU.Build.0 = Debug|Any CPU
		{694AE2D8-1EC5-4766-B0B7-7BEB35BB00C2}.Release|Any CPU.ActiveCfg = Release|Any CPU
		{694AE2D8-1EC5-4766-B0B7-7BEB35BB00C2}.Release|Any CPU.Build.0 = Release|Any CPU
		{B9387768-2252-4DE3-869C-01EFD7684995}.Debug|Any CPU.ActiveCfg = Debug|Any CPU
		{B9387768-2252-4DE3-869C-01EFD7684995}.Debug|Any CPU.Build.0 = Debug|Any CPU
		{B9387768-2252-4DE3-869C-01EFD7684995}.Release|Any CPU.ActiveCfg = Release|Any CPU
		{B9387768-2252-4DE3-869C-01EFD7684995}.Release|Any CPU.Build.0 = Release|Any CPU
	EndGlobalSection
	GlobalSection(SolutionProperties) = preSolution
		HideSolutionNode = FALSE
	EndGlobalSection
	GlobalSection(NestedProjects) = preSolution
		{A56248D5-BBE7-4CBC-A274-283108DD9E1B} = {3FBC2FA7-B6A6-4223-857E-3D2DCEC29DBE}
		{78BB5D8B-1D16-45B7-9226-A3C3D2483137} = {2A301669-1843-4D86-8DDE-F13429C5BC6E}
		{28DB7178-112B-44E5-BCCD-4A74D5480954} = {6ADC8E71-3141-434A-A850-BE0C9F444E4E}
		{3818BE21-D93D-473A-95C2-FC8EABB0F75E} = {C868FD5A-8F42-4F03-A651-01DEE65117CA}
		{EBCC0BBA-27D1-4B43-B44C-744E470B6958} = {7554CD11-D569-4530-AEEC-1CD4BDFC2B80}
		{F2F13FED-4287-4764-AE07-A037E16CE5B3} = {738771D6-61AF-44D6-94A0-322D14D5746E}
		{E7D81CC2-342E-44F5-BF02-E908D2F25E6C} = {649C8D0A-5C73-472C-AC65-A1CD8C2A9C24}
		{267783F3-A1F5-45BA-97DF-0450E717D029} = {1949E117-AA8C-4BC2-8812-1786033D9F86}
		{694AE2D8-1EC5-4766-B0B7-7BEB35BB00C2} = {6D8CC6A0-DCF1-4120-9771-046A83DAEC4D}
		{B9387768-2252-4DE3-869C-01EFD7684995} = {FE3CDE61-D845-4E7C-9DAF-C1402BAEE1FA}
	EndGlobalSection
EndGlobal
